
Microsoft Visual Studio Solution File, Format Version 12.00
# Visual Studio Version 16
VisualStudioVersion = 16.0.30309.148
MinimumVisualStudioVersion = 10.0.40219.1
Project("{9A19103F-16F7-4668-BE54-9A1E7A4F7556}") = "Whiteboard", "Whiteboard\Whiteboard.csproj", "{8103707E-1B0A-41F9-B9E4-8F8ED0780992}"
EndProject
Project("{9A19103F-16F7-4668-BE54-9A1E7A4F7556}") = "Palindrome", "Palindrome\Palindrome.csproj", "{7D1E72CD-4AB1-488D-B623-63004D0E383B}"
EndProject
Project("{9A19103F-16F7-4668-BE54-9A1E7A4F7556}") = "TimeFunctionTest", "TimeFunctionTest\TimeFunctionTest.csproj", "{037CEF6D-8699-40D4-90B9-5CAA1E33B346}"
EndProject
Project("{9A19103F-16F7-4668-BE54-9A1E7A4F7556}") = "TimeFunction", "TimeFunction\TimeFunction.csproj", "{AB7F30F5-B2FB-4660-B467-292551331328}"
EndProject
Project("{FAE04EC0-301F-11D3-BF4B-00C04F79EFBC}") = "Geometry", "Geometry\Geometry.csproj", "{31B1F26E-854D-460F-86FC-8B6202B38CE0}"
EndProject
Project("{FAE04EC0-301F-11D3-BF4B-00C04F79EFBC}") = "GeometryTest", "GeometryTest\GeometryTest.csproj", "{C694843C-ADBE-4579-89A7-BA622C086746}"
	ProjectSection(ProjectDependencies) = postProject
		{31B1F26E-854D-460F-86FC-8B6202B38CE0} = {31B1F26E-854D-460F-86FC-8B6202B38CE0}
	EndProjectSection
EndProject
Project("{FAE04EC0-301F-11D3-BF4B-00C04F79EFBC}") = "Circles", "Circles\Circles.csproj", "{C57B6286-0EFE-44A5-864E-C8B9BE02877D}"
EndProject
Project("{FAE04EC0-301F-11D3-BF4B-00C04F79EFBC}") = "CirclesTest", "CirclesTest\CirclesTest.csproj", "{10561919-637B-4F7F-B786-E54EF14C562F}"
EndProject
Project("{FAE04EC0-301F-11D3-BF4B-00C04F79EFBC}") = "PrimeNumber", "PrimeNumber\PrimeNumber.csproj", "{FCF9E9F9-5CFA-4E34-A0F6-AEC70DB70DF8}"
EndProject
Project("{FAE04EC0-301F-11D3-BF4B-00C04F79EFBC}") = "PrimeNumberTest", "PrimeNumberTest\PrimeNumberTest.csproj", "{3762BCAF-3F7D-40ED-BD6C-34C97A6606FE}"
EndProject
Global
	GlobalSection(SolutionConfigurationPlatforms) = preSolution
		Debug|Any CPU = Debug|Any CPU
		Release|Any CPU = Release|Any CPU
	EndGlobalSection
	GlobalSection(ProjectConfigurationPlatforms) = postSolution
		{8103707E-1B0A-41F9-B9E4-8F8ED0780992}.Debug|Any CPU.ActiveCfg = Debug|Any CPU
		{8103707E-1B0A-41F9-B9E4-8F8ED0780992}.Debug|Any CPU.Build.0 = Debug|Any CPU
		{8103707E-1B0A-41F9-B9E4-8F8ED0780992}.Release|Any CPU.ActiveCfg = Release|Any CPU
		{8103707E-1B0A-41F9-B9E4-8F8ED0780992}.Release|Any CPU.Build.0 = Release|Any CPU
		{7D1E72CD-4AB1-488D-B623-63004D0E383B}.Debug|Any CPU.ActiveCfg = Debug|Any CPU
		{7D1E72CD-4AB1-488D-B623-63004D0E383B}.Debug|Any CPU.Build.0 = Debug|Any CPU
		{7D1E72CD-4AB1-488D-B623-63004D0E383B}.Release|Any CPU.ActiveCfg = Release|Any CPU
		{7D1E72CD-4AB1-488D-B623-63004D0E383B}.Release|Any CPU.Build.0 = Release|Any CPU
		{037CEF6D-8699-40D4-90B9-5CAA1E33B346}.Debug|Any CPU.ActiveCfg = Debug|Any CPU
		{037CEF6D-8699-40D4-90B9-5CAA1E33B346}.Debug|Any CPU.Build.0 = Debug|Any CPU
		{037CEF6D-8699-40D4-90B9-5CAA1E33B346}.Release|Any CPU.ActiveCfg = Release|Any CPU
		{037CEF6D-8699-40D4-90B9-5CAA1E33B346}.Release|Any CPU.Build.0 = Release|Any CPU
		{AB7F30F5-B2FB-4660-B467-292551331328}.Debug|Any CPU.ActiveCfg = Debug|Any CPU
		{AB7F30F5-B2FB-4660-B467-292551331328}.Debug|Any CPU.Build.0 = Debug|Any CPU
		{AB7F30F5-B2FB-4660-B467-292551331328}.Release|Any CPU.ActiveCfg = Release|Any CPU
		{AB7F30F5-B2FB-4660-B467-292551331328}.Release|Any CPU.Build.0 = Release|Any CPU
		{31B1F26E-854D-460F-86FC-8B6202B38CE0}.Debug|Any CPU.ActiveCfg = Debug|Any CPU
		{31B1F26E-854D-460F-86FC-8B6202B38CE0}.Debug|Any CPU.Build.0 = Debug|Any CPU
		{31B1F26E-854D-460F-86FC-8B6202B38CE0}.Release|Any CPU.ActiveCfg = Release|Any CPU
		{31B1F26E-854D-460F-86FC-8B6202B38CE0}.Release|Any CPU.Build.0 = Release|Any CPU
		{C694843C-ADBE-4579-89A7-BA622C086746}.Debug|Any CPU.ActiveCfg = Debug|Any CPU
		{C694843C-ADBE-4579-89A7-BA622C086746}.Debug|Any CPU.Build.0 = Debug|Any CPU
		{C694843C-ADBE-4579-89A7-BA622C086746}.Release|Any CPU.ActiveCfg = Release|Any CPU
		{C694843C-ADBE-4579-89A7-BA622C086746}.Release|Any CPU.Build.0 = Release|Any CPU
		{C57B6286-0EFE-44A5-864E-C8B9BE02877D}.Debug|Any CPU.ActiveCfg = Debug|Any CPU
		{C57B6286-0EFE-44A5-864E-C8B9BE02877D}.Debug|Any CPU.Build.0 = Debug|Any CPU
		{C57B6286-0EFE-44A5-864E-C8B9BE02877D}.Release|Any CPU.ActiveCfg = Release|Any CPU
		{C57B6286-0EFE-44A5-864E-C8B9BE02877D}.Release|Any CPU.Build.0 = Release|Any CPU
		{10561919-637B-4F7F-B786-E54EF14C562F}.Debug|Any CPU.ActiveCfg = Debug|Any CPU
		{10561919-637B-4F7F-B786-E54EF14C562F}.Debug|Any CPU.Build.0 = Debug|Any CPU
		{10561919-637B-4F7F-B786-E54EF14C562F}.Release|Any CPU.ActiveCfg = Release|Any CPU
		{10561919-637B-4F7F-B786-E54EF14C562F}.Release|Any CPU.Build.0 = Release|Any CPU
		{FCF9E9F9-5CFA-4E34-A0F6-AEC70DB70DF8}.Debug|Any CPU.ActiveCfg = Debug|Any CPU
		{FCF9E9F9-5CFA-4E34-A0F6-AEC70DB70DF8}.Debug|Any CPU.Build.0 = Debug|Any CPU
		{FCF9E9F9-5CFA-4E34-A0F6-AEC70DB70DF8}.Release|Any CPU.ActiveCfg = Release|Any CPU
		{FCF9E9F9-5CFA-4E34-A0F6-AEC70DB70DF8}.Release|Any CPU.Build.0 = Release|Any CPU
		{3762BCAF-3F7D-40ED-BD6C-34C97A6606FE}.Debug|Any CPU.ActiveCfg = Debug|Any CPU
		{3762BCAF-3F7D-40ED-BD6C-34C97A6606FE}.Debug|Any CPU.Build.0 = Debug|Any CPU
		{3762BCAF-3F7D-40ED-BD6C-34C97A6606FE}.Release|Any CPU.ActiveCfg = Release|Any CPU
		{3762BCAF-3F7D-40ED-BD6C-34C97A6606FE}.Release|Any CPU.Build.0 = Release|Any CPU
	EndGlobalSection
	GlobalSection(SolutionProperties) = preSolution
		HideSolutionNode = FALSE
	EndGlobalSection
	GlobalSection(ExtensibilityGlobals) = postSolution
		SolutionGuid = {86CF89CD-109A-4840-B011-15522A9BBD72}
	EndGlobalSection
EndGlobal
